<?xml version="1.0" encoding="utf-8"?>
<Project ToolsVersion="4.0" xmlns="http://schemas.microsoft.com/developer/msbuild/2003">
  <ItemGroup>
    <Filter Include="Source Files">
      <UniqueIdentifier>{4FC737F1-C7A5-4376-A066-2A32D752A2FF}</UniqueIdentifier>
      <Extensions>cpp;c;cc;cxx;c++;cppm;ixx;def;odl;idl;hpj;bat;asm;asmx</Extensions>
    </Filter>
    <Filter Include="Source Files\Algoritham">
      <UniqueIdentifier>{1748c605-2194-497f-8fde-b702a2aded86}</UniqueIdentifier>
    </Filter>
    <Filter Include="Source Files\Iterators">
      <UniqueIdentifier>{827a9d75-fdb7-412a-9485-8a23c10593bc}</UniqueIdentifier>
    </Filter>
    <Filter Include="Source Files\Containers">
      <UniqueIdentifier>{8c70a56f-ea7e-40f0-bc6e-4a2463398f98}</UniqueIdentifier>
    </Filter>
    <Filter Include="Source Files\Functional">
      <UniqueIdentifier>{fee295c1-220f-4272-bc12-0359ef4537df}</UniqueIdentifier>
    </Filter>
  </ItemGroup>
  <ItemGroup>
    <ClCompile Include="Main.cpp">
      <Filter>Source Files</Filter>
    </ClCompile>
    <ClCompile Include="transform.cpp">
      <Filter>Source Files\Algoritham</Filter>
    </ClCompile>
    <ClCompile Include="back_inserter.cpp">
      <Filter>Source Files\Iterators</Filter>
    </ClCompile>
    <ClCompile Include="front_inserter.cpp">
      <Filter>Source Files\Iterators</Filter>
    </ClCompile>
    <ClCompile Include="insert_iterator.cpp">
      <Filter>Source Files\Iterators</Filter>
    </ClCompile>
    <ClCompile Include="move_iterator.cpp">
      <Filter>Source Files\Iterators</Filter>
    </ClCompile>
    <ClCompile Include="reverse_iterator.cpp">
      <Filter>Source Files\Iterators</Filter>
    </ClCompile>
    <ClCompile Include="stream_iterator.cpp">
      <Filter>Source Files\Iterators</Filter>
    </ClCompile>
    <ClCompile Include="fill.cpp">
      <Filter>Source Files\Algoritham</Filter>
    </ClCompile>
    <ClCompile Include="fill_n.cpp">
      <Filter>Source Files\Algoritham</Filter>
    </ClCompile>
    <ClCompile Include="accumulate.cpp">
      <Filter>Source Files\Algoritham</Filter>
    </ClCompile>
    <ClCompile Include="copy.cpp">
      <Filter>Source Files\Algoritham</Filter>
    </ClCompile>
    <ClCompile Include="for_each.cpp">
      <Filter>Source Files\Algoritham</Filter>
    </ClCompile>
    <ClCompile Include="Functional.cpp">
      <Filter>Source Files\Functional</Filter>
    </ClCompile>
    <ClCompile Include="bind.cpp">
      <Filter>Source Files\Functional</Filter>
    </ClCompile>
  </ItemGroup>
</Project>